
Microsoft Visual Studio Solution File, Format Version 12.00
# Visual Studio 15
VisualStudioVersion = 15.0.27130.2036
MinimumVisualStudioVersion = 10.0.40219.1
Project("{D954291E-2A0B-460D-934E-DC6B0785DB48}") = "candaBarcode", "candaBarcode\candaBarcode.shproj", "{48FAEF2B-66B7-4541-B29A-E3BFEE34AC80}"
EndProject
Project("{FAE04EC0-301F-11D3-BF4B-00C04F79EFBC}") = "candaBarcode.Android", "candaBarcode.Android\candaBarcode.Android.csproj", "{DA3E8D29-9670-4CBB-9E30-8D2E83FBB925}"
EndProject
Project("{FAE04EC0-301F-11D3-BF4B-00C04F79EFBC}") = "candaBarcode.iOS", "candaBarcode.iOS\candaBarcode.iOS.csproj", "{5EE5FAC0-4832-40DA-B939-B7181333D934}"
EndProject
Project("{FAE04EC0-301F-11D3-BF4B-00C04F79EFBC}") = "candaBarcode.Droid", "candaBarcode.Droid\candaBarcode.Droid.csproj", "{7A7096F8-B66C-4F4B-ABC3-C3D20A23E60E}"
EndProject
Project("{FAE04EC0-301F-11D3-BF4B-00C04F79EFBC}") = "candaBarcode.UITest", "candaUITest\candaBarcode.UITest.csproj", "{074841A6-E39D-4CC2-A024-851AC3A8CAC3}"
EndProject
Project("{FAE04EC0-301F-11D3-BF4B-00C04F79EFBC}") = "candaBarcode.UWP", "candaBarcode.UWP\candaBarcode.UWP.csproj", "{7F64655C-CE0A-4060-AE20-DE19AB3AAA36}"
EndProject
Global
	GlobalSection(SharedMSBuildProjectFiles) = preSolution
		candaBarcode\candaBarcode.projitems*{48faef2b-66b7-4541-b29a-e3bfee34ac80}*SharedItemsImports = 13
		candaBarcode\candaBarcode.projitems*{5ee5fac0-4832-40da-b939-b7181333d934}*SharedItemsImports = 4
		candaBarcode\candaBarcode.projitems*{7f64655c-ce0a-4060-ae20-de19ab3aaa36}*SharedItemsImports = 4
		candaBarcode\candaBarcode.projitems*{da3e8d29-9670-4cbb-9e30-8d2e83fbb925}*SharedItemsImports = 4
	EndGlobalSection
	GlobalSection(SolutionConfigurationPlatforms) = preSolution
		Ad-Hoc|Any CPU = Ad-Hoc|Any CPU
		Ad-Hoc|ARM = Ad-Hoc|ARM
		Ad-Hoc|iPhone = Ad-Hoc|iPhone
		Ad-Hoc|iPhoneSimulator = Ad-Hoc|iPhoneSimulator
		Ad-Hoc|x64 = Ad-Hoc|x64
		Ad-Hoc|x86 = Ad-Hoc|x86
		AppStore|Any CPU = AppStore|Any CPU
		AppStore|ARM = AppStore|ARM
		AppStore|iPhone = AppStore|iPhone
		AppStore|iPhoneSimulator = AppStore|iPhoneSimulator
		AppStore|x64 = AppStore|x64
		AppStore|x86 = AppStore|x86
		Debug|Any CPU = Debug|Any CPU
		Debug|ARM = Debug|ARM
		Debug|iPhone = Debug|iPhone
		Debug|iPhoneSimulator = Debug|iPhoneSimulator
		Debug|x64 = Debug|x64
		Debug|x86 = Debug|x86
		Release|Any CPU = Release|Any CPU
		Release|ARM = Release|ARM
		Release|iPhone = Release|iPhone
		Release|iPhoneSimulator = Release|iPhoneSimulator
		Release|x64 = Release|x64
		Release|x86 = Release|x86
	EndGlobalSection
	GlobalSection(ProjectConfigurationPlatforms) = postSolution
		{DA3E8D29-9670-4CBB-9E30-8D2E83FBB925}.Ad-Hoc|Any CPU.ActiveCfg = Release|Any CPU
		{DA3E8D29-9670-4CBB-9E30-8D2E83FBB925}.Ad-Hoc|Any CPU.Build.0 = Release|Any CPU
		{DA3E8D29-9670-4CBB-9E30-8D2E83FBB925}.Ad-Hoc|Any CPU.Deploy.0 = Release|Any CPU
		{DA3E8D29-9670-4CBB-9E30-8D2E83FBB925}.Ad-Hoc|ARM.ActiveCfg = Debug|Any CPU
		{DA3E8D29-9670-4CBB-9E30-8D2E83FBB925}.Ad-Hoc|ARM.Build.0 = Debug|Any CPU
		{DA3E8D29-9670-4CBB-9E30-8D2E83FBB925}.Ad-Hoc|ARM.Deploy.0 = Debug|Any CPU
		{DA3E8D29-9670-4CBB-9E30-8D2E83FBB925}.Ad-Hoc|iPhone.ActiveCfg = Release|Any CPU
		{DA3E8D29-9670-4CBB-9E30-8D2E83FBB925}.Ad-Hoc|iPhone.Build.0 = Release|Any CPU
		{DA3E8D29-9670-4CBB-9E30-8D2E83FBB925}.Ad-Hoc|iPhone.Deploy.0 = Release|Any CPU
		{DA3E8D29-9670-4CBB-9E30-8D2E83FBB925}.Ad-Hoc|iPhoneSimulator.ActiveCfg = Release|Any CPU
		{DA3E8D29-9670-4CBB-9E30-8D2E83FBB925}.Ad-Hoc|iPhoneSimulator.Build.0 = Release|Any CPU
		{DA3E8D29-9670-4CBB-9E30-8D2E83FBB925}.Ad-Hoc|iPhoneSimulator.Deploy.0 = Release|Any CPU
		{DA3E8D29-9670-4CBB-9E30-8D2E83FBB925}.Ad-Hoc|x64.ActiveCfg = Debug|Any CPU
		{DA3E8D29-9670-4CBB-9E30-8D2E83FBB925}.Ad-Hoc|x64.Build.0 = Debug|Any CPU
		{DA3E8D29-9670-4CBB-9E30-8D2E83FBB925}.Ad-Hoc|x64.Deploy.0 = Debug|Any CPU
		{DA3E8D29-9670-4CBB-9E30-8D2E83FBB925}.Ad-Hoc|x86.ActiveCfg = Debug|Any CPU
		{DA3E8D29-9670-4CBB-9E30-8D2E83FBB925}.Ad-Hoc|x86.Build.0 = Debug|Any CPU
		{DA3E8D29-9670-4CBB-9E30-8D2E83FBB925}.Ad-Hoc|x86.Deploy.0 = Debug|Any CPU
		{DA3E8D29-9670-4CBB-9E30-8D2E83FBB925}.AppStore|Any CPU.ActiveCfg = Release|Any CPU
		{DA3E8D29-9670-4CBB-9E30-8D2E83FBB925}.AppStore|Any CPU.Build.0 = Release|Any CPU
		{DA3E8D29-9670-4CBB-9E30-8D2E83FBB925}.AppStore|Any CPU.Deploy.0 = Release|Any CPU
		{DA3E8D29-9670-4CBB-9E30-8D2E83FBB925}.AppStore|ARM.ActiveCfg = Debug|Any CPU
		{DA3E8D29-9670-4CBB-9E30-8D2E83FBB925}.AppStore|ARM.Build.0 = Debug|Any CPU
		{DA3E8D29-9670-4CBB-9E30-8D2E83FBB925}.AppStore|ARM.Deploy.0 = Debug|Any CPU
		{DA3E8D29-9670-4CBB-9E30-8D2E83FBB925}.AppStore|iPhone.ActiveCfg = Release|Any CPU
		{DA3E8D29-9670-4CBB-9E30-8D2E83FBB925}.AppStore|iPhone.Build.0 = Release|Any CPU
		{DA3E8D29-9670-4CBB-9E30-8D2E83FBB925}.AppStore|iPhone.Deploy.0 = Release|Any CPU
		{DA3E8D29-9670-4CBB-9E30-8D2E83FBB925}.AppStore|iPhoneSimulator.ActiveCfg = Release|Any CPU
		{DA3E8D29-9670-4CBB-9E30-8D2E83FBB925}.AppStore|iPhoneSimulator.Build.0 = Release|Any CPU
		{DA3E8D29-9670-4CBB-9E30-8D2E83FBB925}.AppStore|iPhoneSimulator.Deploy.0 = Release|Any CPU
		{DA3E8D29-9670-4CBB-9E30-8D2E83FBB925}.AppStore|x64.ActiveCfg = Debug|Any CPU
		{DA3E8D29-9670-4CBB-9E30-8D2E83FBB925}.AppStore|x64.Build.0 = Debug|Any CPU
		{DA3E8D29-9670-4CBB-9E30-8D2E83FBB925}.AppStore|x64.Deploy.0 = Debug|Any CPU
		{DA3E8D29-9670-4CBB-9E30-8D2E83FBB925}.AppStore|x86.ActiveCfg = Debug|Any CPU
		{DA3E8D29-9670-4CBB-9E30-8D2E83FBB925}.AppStore|x86.Build.0 = Debug|Any CPU
		{DA3E8D29-9670-4CBB-9E30-8D2E83FBB925}.AppStore|x86.Deploy.0 = Debug|Any CPU
		{DA3E8D29-9670-4CBB-9E30-8D2E83FBB925}.Debug|Any CPU.ActiveCfg = Debug|Any CPU
		{DA3E8D29-9670-4CBB-9E30-8D2E83FBB925}.Debug|Any CPU.Build.0 = Debug|Any CPU
		{DA3E8D29-9670-4CBB-9E30-8D2E83FBB925}.Debug|Any CPU.Deploy.0 = Debug|Any CPU
		{DA3E8D29-9670-4CBB-9E30-8D2E83FBB925}.Debug|ARM.ActiveCfg = Debug|Any CPU
		{DA3E8D29-9670-4CBB-9E30-8D2E83FBB925}.Debug|ARM.Build.0 = Debug|Any CPU
		{DA3E8D29-9670-4CBB-9E30-8D2E83FBB925}.Debug|ARM.Deploy.0 = Debug|Any CPU
		{DA3E8D29-9670-4CBB-9E30-8D2E83FBB925}.Debug|iPhone.ActiveCfg = Debug|Any CPU
		{DA3E8D29-9670-4CBB-9E30-8D2E83FBB925}.Debug|iPhone.Build.0 = Debug|Any CPU
		{DA3E8D29-9670-4CBB-9E30-8D2E83FBB925}.Debug|iPhone.Deploy.0 = Debug|Any CPU
		{DA3E8D29-9670-4CBB-9E30-8D2E83FBB925}.Debug|iPhoneSimulator.ActiveCfg = Debug|Any CPU
		{DA3E8D29-9670-4CBB-9E30-8D2E83FBB925}.Debug|iPhoneSimulator.Build.0 = Debug|Any CPU
		{DA3E8D29-9670-4CBB-9E30-8D2E83FBB925}.Debug|iPhoneSimulator.Deploy.0 = Debug|Any CPU
		{DA3E8D29-9670-4CBB-9E30-8D2E83FBB925}.Debug|x64.ActiveCfg = Debug|Any CPU
		{DA3E8D29-9670-4CBB-9E30-8D2E83FBB925}.Debug|x64.Build.0 = Debug|Any CPU
		{DA3E8D29-9670-4CBB-9E30-8D2E83FBB925}.Debug|x64.Deploy.0 = Debug|Any CPU
		{DA3E8D29-9670-4CBB-9E30-8D2E83FBB925}.Debug|x86.ActiveCfg = Debug|Any CPU
		{DA3E8D29-9670-4CBB-9E30-8D2E83FBB925}.Debug|x86.Build.0 = Debug|Any CPU
		{DA3E8D29-9670-4CBB-9E30-8D2E83FBB925}.Debug|x86.Deploy.0 = Debug|Any CPU
		{DA3E8D29-9670-4CBB-9E30-8D2E83FBB925}.Release|Any CPU.ActiveCfg = Release|Any CPU
		{DA3E8D29-9670-4CBB-9E30-8D2E83FBB925}.Release|Any CPU.Build.0 = Release|Any CPU
		{DA3E8D29-9670-4CBB-9E30-8D2E83FBB925}.Release|Any CPU.Deploy.0 = Release|Any CPU
		{DA3E8D29-9670-4CBB-9E30-8D2E83FBB925}.Release|ARM.ActiveCfg = Release|Any CPU
		{DA3E8D29-9670-4CBB-9E30-8D2E83FBB925}.Release|ARM.Build.0 = Release|Any CPU
		{DA3E8D29-9670-4CBB-9E30-8D2E83FBB925}.Release|ARM.Deploy.0 = Release|Any CPU
		{DA3E8D29-9670-4CBB-9E30-8D2E83FBB925}.Release|iPhone.ActiveCfg = Release|Any CPU
		{DA3E8D29-9670-4CBB-9E30-8D2E83FBB925}.Release|iPhone.Build.0 = Release|Any CPU
		{DA3E8D29-9670-4CBB-9E30-8D2E83FBB925}.Release|iPhone.Deploy.0 = Release|Any CPU
		{DA3E8D29-9670-4CBB-9E30-8D2E83FBB925}.Release|iPhoneSimulator.ActiveCfg = Release|Any CPU
		{DA3E8D29-9670-4CBB-9E30-8D2E83FBB925}.Release|iPhoneSimulator.Build.0 = Release|Any CPU
		{DA3E8D29-9670-4CBB-9E30-8D2E83FBB925}.Release|iPhoneSimulator.Deploy.0 = Release|Any CPU
		{DA3E8D29-9670-4CBB-9E30-8D2E83FBB925}.Release|x64.ActiveCfg = Release|Any CPU
		{DA3E8D29-9670-4CBB-9E30-8D2E83FBB925}.Release|x64.Build.0 = Release|Any CPU
		{DA3E8D29-9670-4CBB-9E30-8D2E83FBB925}.Release|x64.Deploy.0 = Release|Any CPU
		{DA3E8D29-9670-4CBB-9E30-8D2E83FBB925}.Release|x86.ActiveCfg = Release|Any CPU
		{DA3E8D29-9670-4CBB-9E30-8D2E83FBB925}.Release|x86.Build.0 = Release|Any CPU
		{DA3E8D29-9670-4CBB-9E30-8D2E83FBB925}.Release|x86.Deploy.0 = Release|Any CPU
		{5EE5FAC0-4832-40DA-B939-B7181333D934}.Ad-Hoc|Any CPU.ActiveCfg = Ad-Hoc|iPhone
		{5EE5FAC0-4832-40DA-B939-B7181333D934}.Ad-Hoc|ARM.ActiveCfg = Ad-Hoc|iPhoneSimulator
		{5EE5FAC0-4832-40DA-B939-B7181333D934}.Ad-Hoc|iPhone.ActiveCfg = Ad-Hoc|iPhone
		{5EE5FAC0-4832-40DA-B939-B7181333D934}.Ad-Hoc|iPhone.Build.0 = Ad-Hoc|iPhone
		{5EE5FAC0-4832-40DA-B939-B7181333D934}.Ad-Hoc|iPhoneSimulator.ActiveCfg = Ad-Hoc|iPhoneSimulator
		{5EE5FAC0-4832-40DA-B939-B7181333D934}.Ad-Hoc|iPhoneSimulator.Build.0 = Ad-Hoc|iPhoneSimulator
		{5EE5FAC0-4832-40DA-B939-B7181333D934}.Ad-Hoc|x64.ActiveCfg = Ad-Hoc|iPhoneSimulator
		{5EE5FAC0-4832-40DA-B939-B7181333D934}.Ad-Hoc|x86.ActiveCfg = Ad-Hoc|iPhoneSimulator
		{5EE5FAC0-4832-40DA-B939-B7181333D934}.AppStore|Any CPU.ActiveCfg = AppStore|iPhone
		{5EE5FAC0-4832-40DA-B939-B7181333D934}.AppStore|ARM.ActiveCfg = AppStore|iPhoneSimulator
		{5EE5FAC0-4832-40DA-B939-B7181333D934}.AppStore|iPhone.ActiveCfg = AppStore|iPhone
		{5EE5FAC0-4832-40DA-B939-B7181333D934}.AppStore|iPhone.Build.0 = AppStore|iPhone
		{5EE5FAC0-4832-40DA-B939-B7181333D934}.AppStore|iPhoneSimulator.ActiveCfg = AppStore|iPhoneSimulator
		{5EE5FAC0-4832-40DA-B939-B7181333D934}.AppStore|iPhoneSimulator.Build.0 = AppStore|iPhoneSimulator
		{5EE5FAC0-4832-40DA-B939-B7181333D934}.AppStore|x64.ActiveCfg = AppStore|iPhoneSimulator
		{5EE5FAC0-4832-40DA-B939-B7181333D934}.AppStore|x86.ActiveCfg = AppStore|iPhoneSimulator
		{5EE5FAC0-4832-40DA-B939-B7181333D934}.Debug|Any CPU.ActiveCfg = Debug|iPhone
		{5EE5FAC0-4832-40DA-B939-B7181333D934}.Debug|ARM.ActiveCfg = Debug|iPhoneSimulator
		{5EE5FAC0-4832-40DA-B939-B7181333D934}.Debug|iPhone.ActiveCfg = Debug|iPhone
		{5EE5FAC0-4832-40DA-B939-B7181333D934}.Debug|iPhone.Build.0 = Debug|iPhone
		{5EE5FAC0-4832-40DA-B939-B7181333D934}.Debug|iPhoneSimulator.ActiveCfg = Debug|iPhoneSimulator
		{5EE5FAC0-4832-40DA-B939-B7181333D934}.Debug|iPhoneSimulator.Build.0 = Debug|iPhoneSimulator
		{5EE5FAC0-4832-40DA-B939-B7181333D934}.Debug|x64.ActiveCfg = Debug|iPhoneSimulator
		{5EE5FAC0-4832-40DA-B939-B7181333D934}.Debug|x86.ActiveCfg = Debug|iPhoneSimulator
		{5EE5FAC0-4832-40DA-B939-B7181333D934}.Release|Any CPU.ActiveCfg = Release|iPhone
		{5EE5FAC0-4832-40DA-B939-B7181333D934}.Release|ARM.ActiveCfg = Release|iPhoneSimulator
		{5EE5FAC0-4832-40DA-B939-B7181333D934}.Release|iPhone.ActiveCfg = Release|iPhone
		{5EE5FAC0-4832-40DA-B939-B7181333D934}.Release|iPhone.Build.0 = Release|iPhone
		{5EE5FAC0-4832-40DA-B939-B7181333D934}.Release|iPhoneSimulator.ActiveCfg = Release|iPhoneSimulator
		{5EE5FAC0-4832-40DA-B939-B7181333D934}.Release|iPhoneSimulator.Build.0 = Release|iPhoneSimulator
		{5EE5FAC0-4832-40DA-B939-B7181333D934}.Release|x64.ActiveCfg = Release|iPhoneSimulator
		{5EE5FAC0-4832-40DA-B939-B7181333D934}.Release|x86.ActiveCfg = Release|iPhoneSimulator
		{7A7096F8-B66C-4F4B-ABC3-C3D20A23E60E}.Ad-Hoc|Any CPU.ActiveCfg = Release|Any CPU
		{7A7096F8-B66C-4F4B-ABC3-C3D20A23E60E}.Ad-Hoc|Any CPU.Build.0 = Release|Any CPU
		{7A7096F8-B66C-4F4B-ABC3-C3D20A23E60E}.Ad-Hoc|Any CPU.Deploy.0 = Release|Any CPU
		{7A7096F8-B66C-4F4B-ABC3-C3D20A23E60E}.Ad-Hoc|ARM.ActiveCfg = Debug|Any CPU
		{7A7096F8-B66C-4F4B-ABC3-C3D20A23E60E}.Ad-Hoc|ARM.Build.0 = Debug|Any CPU
		{7A7096F8-B66C-4F4B-ABC3-C3D20A23E60E}.Ad-Hoc|ARM.Deploy.0 = Debug|Any CPU
		{7A7096F8-B66C-4F4B-ABC3-C3D20A23E60E}.Ad-Hoc|iPhone.ActiveCfg = Release|Any CPU
		{7A7096F8-B66C-4F4B-ABC3-C3D20A23E60E}.Ad-Hoc|iPhone.Build.0 = Release|Any CPU
		{7A7096F8-B66C-4F4B-ABC3-C3D20A23E60E}.Ad-Hoc|iPhone.Deploy.0 = Release|Any CPU
		{7A7096F8-B66C-4F4B-ABC3-C3D20A23E60E}.Ad-Hoc|iPhoneSimulator.ActiveCfg = Release|Any CPU
		{7A7096F8-B66C-4F4B-ABC3-C3D20A23E60E}.Ad-Hoc|iPhoneSimulator.Build.0 = Release|Any CPU
		{7A7096F8-B66C-4F4B-ABC3-C3D20A23E60E}.Ad-Hoc|iPhoneSimulator.Deploy.0 = Release|Any CPU
		{7A7096F8-B66C-4F4B-ABC3-C3D20A23E60E}.Ad-Hoc|x64.ActiveCfg = Debug|Any CPU
		{7A7096F8-B66C-4F4B-ABC3-C3D20A23E60E}.Ad-Hoc|x64.Build.0 = Debug|Any CPU
		{7A7096F8-B66C-4F4B-ABC3-C3D20A23E60E}.Ad-Hoc|x64.Deploy.0 = Debug|Any CPU
		{7A7096F8-B66C-4F4B-ABC3-C3D20A23E60E}.Ad-Hoc|x86.ActiveCfg = Debug|Any CPU
		{7A7096F8-B66C-4F4B-ABC3-C3D20A23E60E}.Ad-Hoc|x86.Build.0 = Debug|Any CPU
		{7A7096F8-B66C-4F4B-ABC3-C3D20A23E60E}.Ad-Hoc|x86.Deploy.0 = Debug|Any CPU
		{7A7096F8-B66C-4F4B-ABC3-C3D20A23E60E}.AppStore|Any CPU.ActiveCfg = Release|Any CPU
		{7A7096F8-B66C-4F4B-ABC3-C3D20A23E60E}.AppStore|Any CPU.Build.0 = Release|Any CPU
		{7A7096F8-B66C-4F4B-ABC3-C3D20A23E60E}.AppStore|Any CPU.Deploy.0 = Release|Any CPU
		{7A7096F8-B66C-4F4B-ABC3-C3D20A23E60E}.AppStore|ARM.ActiveCfg = Debug|Any CPU
		{7A7096F8-B66C-4F4B-ABC3-C3D20A23E60E}.AppStore|ARM.Build.0 = Debug|Any CPU
		{7A7096F8-B66C-4F4B-ABC3-C3D20A23E60E}.AppStore|ARM.Deploy.0 = Debug|Any CPU
		{7A7096F8-B66C-4F4B-ABC3-C3D20A23E60E}.AppStore|iPhone.ActiveCfg = Release|Any CPU
		{7A7096F8-B66C-4F4B-ABC3-C3D20A23E60E}.AppStore|iPhone.Build.0 = Release|Any CPU
		{7A7096F8-B66C-4F4B-ABC3-C3D20A23E60E}.AppStore|iPhone.Deploy.0 = Release|Any CPU
		{7A7096F8-B66C-4F4B-ABC3-C3D20A23E60E}.AppStore|iPhoneSimulator.ActiveCfg = Release|Any CPU
		{7A7096F8-B66C-4F4B-ABC3-C3D20A23E60E}.AppStore|iPhoneSimulator.Build.0 = Release|Any CPU
		{7A7096F8-B66C-4F4B-ABC3-C3D20A23E60E}.AppStore|iPhoneSimulator.Deploy.0 = Release|Any CPU
		{7A7096F8-B66C-4F4B-ABC3-C3D20A23E60E}.AppStore|x64.ActiveCfg = Debug|Any CPU
		{7A7096F8-B66C-4F4B-ABC3-C3D20A23E60E}.AppStore|x64.Build.0 = Debug|Any CPU
		{7A7096F8-B66C-4F4B-ABC3-C3D20A23E60E}.AppStore|x64.Deploy.0 = Debug|Any CPU
		{7A7096F8-B66C-4F4B-ABC3-C3D20A23E60E}.AppStore|x86.ActiveCfg = Debug|Any CPU
		{7A7096F8-B66C-4F4B-ABC3-C3D20A23E60E}.AppStore|x86.Build.0 = Debug|Any CPU
		{7A7096F8-B66C-4F4B-ABC3-C3D20A23E60E}.AppStore|x86.Deploy.0 = Debug|Any CPU
		{7A7096F8-B66C-4F4B-ABC3-C3D20A23E60E}.Debug|Any CPU.ActiveCfg = Debug|Any CPU
		{7A7096F8-B66C-4F4B-ABC3-C3D20A23E60E}.Debug|Any CPU.Build.0 = Debug|Any CPU
		{7A7096F8-B66C-4F4B-ABC3-C3D20A23E60E}.Debug|Any CPU.Deploy.0 = Debug|Any CPU
		{7A7096F8-B66C-4F4B-ABC3-C3D20A23E60E}.Debug|ARM.ActiveCfg = Debug|Any CPU
		{7A7096F8-B66C-4F4B-ABC3-C3D20A23E60E}.Debug|ARM.Build.0 = Debug|Any CPU
		{7A7096F8-B66C-4F4B-ABC3-C3D20A23E60E}.Debug|ARM.Deploy.0 = Debug|Any CPU
		{7A7096F8-B66C-4F4B-ABC3-C3D20A23E60E}.Debug|iPhone.ActiveCfg = Debug|Any CPU
		{7A7096F8-B66C-4F4B-ABC3-C3D20A23E60E}.Debug|iPhone.Build.0 = Debug|Any CPU
		{7A7096F8-B66C-4F4B-ABC3-C3D20A23E60E}.Debug|iPhone.Deploy.0 = Debug|Any CPU
		{7A7096F8-B66C-4F4B-ABC3-C3D20A23E60E}.Debug|iPhoneSimulator.ActiveCfg = Debug|Any CPU
		{7A7096F8-B66C-4F4B-ABC3-C3D20A23E60E}.Debug|iPhoneSimulator.Build.0 = Debug|Any CPU
		{7A7096F8-B66C-4F4B-ABC3-C3D20A23E60E}.Debug|iPhoneSimulator.Deploy.0 = Debug|Any CPU
		{7A7096F8-B66C-4F4B-ABC3-C3D20A23E60E}.Debug|x64.ActiveCfg = Debug|Any CPU
		{7A7096F8-B66C-4F4B-ABC3-C3D20A23E60E}.Debug|x64.Build.0 = Debug|Any CPU
		{7A7096F8-B66C-4F4B-ABC3-C3D20A23E60E}.Debug|x64.Deploy.0 = Debug|Any CPU
		{7A7096F8-B66C-4F4B-ABC3-C3D20A23E60E}.Debug|x86.ActiveCfg = Debug|Any CPU
		{7A7096F8-B66C-4F4B-ABC3-C3D20A23E60E}.Debug|x86.Build.0 = Debug|Any CPU
		{7A7096F8-B66C-4F4B-ABC3-C3D20A23E60E}.Debug|x86.Deploy.0 = Debug|Any CPU
		{7A7096F8-B66C-4F4B-ABC3-C3D20A23E60E}.Release|Any CPU.ActiveCfg = Release|Any CPU
		{7A7096F8-B66C-4F4B-ABC3-C3D20A23E60E}.Release|Any CPU.Build.0 = Release|Any CPU
		{7A7096F8-B66C-4F4B-ABC3-C3D20A23E60E}.Release|Any CPU.Deploy.0 = Release|Any CPU
		{7A7096F8-B66C-4F4B-ABC3-C3D20A23E60E}.Release|ARM.ActiveCfg = Release|Any CPU
		{7A7096F8-B66C-4F4B-ABC3-C3D20A23E60E}.Release|ARM.Build.0 = Release|Any CPU
		{7A7096F8-B66C-4F4B-ABC3-C3D20A23E60E}.Release|ARM.Deploy.0 = Release|Any CPU
		{7A7096F8-B66C-4F4B-ABC3-C3D20A23E60E}.Release|iPhone.ActiveCfg = Release|Any CPU
		{7A7096F8-B66C-4F4B-ABC3-C3D20A23E60E}.Release|iPhone.Build.0 = Release|Any CPU
		{7A7096F8-B66C-4F4B-ABC3-C3D20A23E60E}.Release|iPhone.Deploy.0 = Release|Any CPU
		{7A7096F8-B66C-4F4B-ABC3-C3D20A23E60E}.Release|iPhoneSimulator.ActiveCfg = Release|Any CPU
		{7A7096F8-B66C-4F4B-ABC3-C3D20A23E60E}.Release|iPhoneSimulator.Build.0 = Release|Any CPU
		{7A7096F8-B66C-4F4B-ABC3-C3D20A23E60E}.Release|iPhoneSimulator.Deploy.0 = Release|Any CPU
		{7A7096F8-B66C-4F4B-ABC3-C3D20A23E60E}.Release|x64.ActiveCfg = Release|Any CPU
		{7A7096F8-B66C-4F4B-ABC3-C3D20A23E60E}.Release|x64.Build.0 = Release|Any CPU
		{7A7096F8-B66C-4F4B-ABC3-C3D20A23E60E}.Release|x64.Deploy.0 = Release|Any CPU
		{7A7096F8-B66C-4F4B-ABC3-C3D20A23E60E}.Release|x86.ActiveCfg = Release|Any CPU
		{7A7096F8-B66C-4F4B-ABC3-C3D20A23E60E}.Release|x86.Build.0 = Release|Any CPU
		{7A7096F8-B66C-4F4B-ABC3-C3D20A23E60E}.Release|x86.Deploy.0 = Release|Any CPU
		{074841A6-E39D-4CC2-A024-851AC3A8CAC3}.Ad-Hoc|Any CPU.ActiveCfg = Release|Any CPU
		{074841A6-E39D-4CC2-A024-851AC3A8CAC3}.Ad-Hoc|Any CPU.Build.0 = Release|Any CPU
		{074841A6-E39D-4CC2-A024-851AC3A8CAC3}.Ad-Hoc|ARM.ActiveCfg = Debug|Any CPU
		{074841A6-E39D-4CC2-A024-851AC3A8CAC3}.Ad-Hoc|ARM.Build.0 = Debug|Any CPU
		{074841A6-E39D-4CC2-A024-851AC3A8CAC3}.Ad-Hoc|iPhone.ActiveCfg = Release|Any CPU
		{074841A6-E39D-4CC2-A024-851AC3A8CAC3}.Ad-Hoc|iPhone.Build.0 = Release|Any CPU
		{074841A6-E39D-4CC2-A024-851AC3A8CAC3}.Ad-Hoc|iPhoneSimulator.ActiveCfg = Release|Any CPU
		{074841A6-E39D-4CC2-A024-851AC3A8CAC3}.Ad-Hoc|iPhoneSimulator.Build.0 = Release|Any CPU
		{074841A6-E39D-4CC2-A024-851AC3A8CAC3}.Ad-Hoc|x64.ActiveCfg = Debug|Any CPU
		{074841A6-E39D-4CC2-A024-851AC3A8CAC3}.Ad-Hoc|x64.Build.0 = Debug|Any CPU
		{074841A6-E39D-4CC2-A024-851AC3A8CAC3}.Ad-Hoc|x86.ActiveCfg = Debug|Any CPU
		{074841A6-E39D-4CC2-A024-851AC3A8CAC3}.Ad-Hoc|x86.Build.0 = Debug|Any CPU
		{074841A6-E39D-4CC2-A024-851AC3A8CAC3}.AppStore|Any CPU.ActiveCfg = Release|Any CPU
		{074841A6-E39D-4CC2-A024-851AC3A8CAC3}.AppStore|Any CPU.Build.0 = Release|Any CPU
		{074841A6-E39D-4CC2-A024-851AC3A8CAC3}.AppStore|ARM.ActiveCfg = Debug|Any CPU
		{074841A6-E39D-4CC2-A024-851AC3A8CAC3}.AppStore|ARM.Build.0 = Debug|Any CPU
		{074841A6-E39D-4CC2-A024-851AC3A8CAC3}.AppStore|iPhone.ActiveCfg = Release|Any CPU
		{074841A6-E39D-4CC2-A024-851AC3A8CAC3}.AppStore|iPhone.Build.0 = Release|Any CPU
		{074841A6-E39D-4CC2-A024-851AC3A8CAC3}.AppStore|iPhoneSimulator.ActiveCfg = Release|Any CPU
		{074841A6-E39D-4CC2-A024-851AC3A8CAC3}.AppStore|iPhoneSimulator.Build.0 = Release|Any CPU
		{074841A6-E39D-4CC2-A024-851AC3A8CAC3}.AppStore|x64.ActiveCfg = Debug|Any CPU
		{074841A6-E39D-4CC2-A024-851AC3A8CAC3}.AppStore|x64.Build.0 = Debug|Any CPU
		{074841A6-E39D-4CC2-A024-851AC3A8CAC3}.AppStore|x86.ActiveCfg = Debug|Any CPU
		{074841A6-E39D-4CC2-A024-851AC3A8CAC3}.AppStore|x86.Build.0 = Debug|Any CPU
		{074841A6-E39D-4CC2-A024-851AC3A8CAC3}.Debug|Any CPU.ActiveCfg = Debug|Any CPU
		{074841A6-E39D-4CC2-A024-851AC3A8CAC3}.Debug|Any CPU.Build.0 = Debug|Any CPU
		{074841A6-E39D-4CC2-A024-851AC3A8CAC3}.Debug|ARM.ActiveCfg = Debug|Any CPU
		{074841A6-E39D-4CC2-A024-851AC3A8CAC3}.Debug|ARM.Build.0 = Debug|Any CPU
		{074841A6-E39D-4CC2-A024-851AC3A8CAC3}.Debug|iPhone.ActiveCfg = Debug|Any CPU
		{074841A6-E39D-4CC2-A024-851AC3A8CAC3}.Debug|iPhone.Build.0 = Debug|Any CPU
		{074841A6-E39D-4CC2-A024-851AC3A8CAC3}.Debug|iPhoneSimulator.ActiveCfg = Debug|Any CPU
		{074841A6-E39D-4CC2-A024-851AC3A8CAC3}.Debug|iPhoneSimulator.Build.0 = Debug|Any CPU
		{074841A6-E39D-4CC2-A024-851AC3A8CAC3}.Debug|x64.ActiveCfg = Debug|Any CPU
		{074841A6-E39D-4CC2-A024-851AC3A8CAC3}.Debug|x64.Build.0 = Debug|Any CPU
		{074841A6-E39D-4CC2-A024-851AC3A8CAC3}.Debug|x86.ActiveCfg = Debug|Any CPU
		{074841A6-E39D-4CC2-A024-851AC3A8CAC3}.Debug|x86.Build.0 = Debug|Any CPU
		{074841A6-E39D-4CC2-A024-851AC3A8CAC3}.Release|Any CPU.ActiveCfg = Release|Any CPU
		{074841A6-E39D-4CC2-A024-851AC3A8CAC3}.Release|Any CPU.Build.0 = Release|Any CPU
		{074841A6-E39D-4CC2-A024-851AC3A8CAC3}.Release|ARM.ActiveCfg = Release|Any CPU
		{074841A6-E39D-4CC2-A024-851AC3A8CAC3}.Release|ARM.Build.0 = Release|Any CPU
		{074841A6-E39D-4CC2-A024-851AC3A8CAC3}.Release|iPhone.ActiveCfg = Release|Any CPU
		{074841A6-E39D-4CC2-A024-851AC3A8CAC3}.Release|iPhone.Build.0 = Release|Any CPU
		{074841A6-E39D-4CC2-A024-851AC3A8CAC3}.Release|iPhoneSimulator.ActiveCfg = Release|Any CPU
		{074841A6-E39D-4CC2-A024-851AC3A8CAC3}.Release|iPhoneSimulator.Build.0 = Release|Any CPU
		{074841A6-E39D-4CC2-A024-851AC3A8CAC3}.Release|x64.ActiveCfg = Release|Any CPU
		{074841A6-E39D-4CC2-A024-851AC3A8CAC3}.Release|x64.Build.0 = Release|Any CPU
		{074841A6-E39D-4CC2-A024-851AC3A8CAC3}.Release|x86.ActiveCfg = Release|Any CPU
		{074841A6-E39D-4CC2-A024-851AC3A8CAC3}.Release|x86.Build.0 = Release|Any CPU
		{7F64655C-CE0A-4060-AE20-DE19AB3AAA36}.Ad-Hoc|Any CPU.ActiveCfg = Release|x86
		{7F64655C-CE0A-4060-AE20-DE19AB3AAA36}.Ad-Hoc|Any CPU.Build.0 = Release|x86
		{7F64655C-CE0A-4060-AE20-DE19AB3AAA36}.Ad-Hoc|Any CPU.Deploy.0 = Release|x86
		{7F64655C-CE0A-4060-AE20-DE19AB3AAA36}.Ad-Hoc|ARM.ActiveCfg = Release|ARM
		{7F64655C-CE0A-4060-AE20-DE19AB3AAA36}.Ad-Hoc|ARM.Build.0 = Release|ARM
		{7F64655C-CE0A-4060-AE20-DE19AB3AAA36}.Ad-Hoc|ARM.Deploy.0 = Release|ARM
		{7F64655C-CE0A-4060-AE20-DE19AB3AAA36}.Ad-Hoc|iPhone.ActiveCfg = Release|x86
		{7F64655C-CE0A-4060-AE20-DE19AB3AAA36}.Ad-Hoc|iPhone.Build.0 = Release|x86
		{7F64655C-CE0A-4060-AE20-DE19AB3AAA36}.Ad-Hoc|iPhone.Deploy.0 = Release|x86
		{7F64655C-CE0A-4060-AE20-DE19AB3AAA36}.Ad-Hoc|iPhoneSimulator.ActiveCfg = Release|x86
		{7F64655C-CE0A-4060-AE20-DE19AB3AAA36}.Ad-Hoc|iPhoneSimulator.Build.0 = Release|x86
		{7F64655C-CE0A-4060-AE20-DE19AB3AAA36}.Ad-Hoc|iPhoneSimulator.Deploy.0 = Release|x86
		{7F64655C-CE0A-4060-AE20-DE19AB3AAA36}.Ad-Hoc|x64.ActiveCfg = Release|x64
		{7F64655C-CE0A-4060-AE20-DE19AB3AAA36}.Ad-Hoc|x64.Build.0 = Release|x64
		{7F64655C-CE0A-4060-AE20-DE19AB3AAA36}.Ad-Hoc|x64.Deploy.0 = Release|x64
		{7F64655C-CE0A-4060-AE20-DE19AB3AAA36}.Ad-Hoc|x86.ActiveCfg = Release|x86
		{7F64655C-CE0A-4060-AE20-DE19AB3AAA36}.Ad-Hoc|x86.Build.0 = Release|x86
		{7F64655C-CE0A-4060-AE20-DE19AB3AAA36}.Ad-Hoc|x86.Deploy.0 = Release|x86
		{7F64655C-CE0A-4060-AE20-DE19AB3AAA36}.AppStore|Any CPU.ActiveCfg = Release|x86
		{7F64655C-CE0A-4060-AE20-DE19AB3AAA36}.AppStore|Any CPU.Build.0 = Release|x86
		{7F64655C-CE0A-4060-AE20-DE19AB3AAA36}.AppStore|Any CPU.Deploy.0 = Release|x86
		{7F64655C-CE0A-4060-AE20-DE19AB3AAA36}.AppStore|ARM.ActiveCfg = Release|ARM
		{7F64655C-CE0A-4060-AE20-DE19AB3AAA36}.AppStore|ARM.Build.0 = Release|ARM
		{7F64655C-CE0A-4060-AE20-DE19AB3AAA36}.AppStore|ARM.Deploy.0 = Release|ARM
		{7F64655C-CE0A-4060-AE20-DE19AB3AAA36}.AppStore|iPhone.ActiveCfg = Release|x86
		{7F64655C-CE0A-4060-AE20-DE19AB3AAA36}.AppStore|iPhone.Build.0 = Release|x86
		{7F64655C-CE0A-4060-AE20-DE19AB3AAA36}.AppStore|iPhone.Deploy.0 = Release|x86
		{7F64655C-CE0A-4060-AE20-DE19AB3AAA36}.AppStore|iPhoneSimulator.ActiveCfg = Release|x86
		{7F64655C-CE0A-4060-AE20-DE19AB3AAA36}.AppStore|iPhoneSimulator.Build.0 = Release|x86
		{7F64655C-CE0A-4060-AE20-DE19AB3AAA36}.AppStore|iPhoneSimulator.Deploy.0 = Release|x86
		{7F64655C-CE0A-4060-AE20-DE19AB3AAA36}.AppStore|x64.ActiveCfg = Release|x64
		{7F64655C-CE0A-4060-AE20-DE19AB3AAA36}.AppStore|x64.Build.0 = Release|x64
		{7F64655C-CE0A-4060-AE20-DE19AB3AAA36}.AppStore|x64.Deploy.0 = Release|x64
		{7F64655C-CE0A-4060-AE20-DE19AB3AAA36}.AppStore|x86.ActiveCfg = Release|x86
		{7F64655C-CE0A-4060-AE20-DE19AB3AAA36}.AppStore|x86.Build.0 = Release|x86
		{7F64655C-CE0A-4060-AE20-DE19AB3AAA36}.AppStore|x86.Deploy.0 = Release|x86
		{7F64655C-CE0A-4060-AE20-DE19AB3AAA36}.Debug|Any CPU.ActiveCfg = Debug|x86
		{7F64655C-CE0A-4060-AE20-DE19AB3AAA36}.Debug|ARM.ActiveCfg = Debug|ARM
		{7F64655C-CE0A-4060-AE20-DE19AB3AAA36}.Debug|ARM.Build.0 = Debug|ARM
		{7F64655C-CE0A-4060-AE20-DE19AB3AAA36}.Debug|ARM.Deploy.0 = Debug|ARM
		{7F64655C-CE0A-4060-AE20-DE19AB3AAA36}.Debug|iPhone.ActiveCfg = Debug|x86
		{7F64655C-CE0A-4060-AE20-DE19AB3AAA36}.Debug|iPhoneSimulator.ActiveCfg = Debug|x86
		{7F64655C-CE0A-4060-AE20-DE19AB3AAA36}.Debug|x64.ActiveCfg = Debug|x64
		{7F64655C-CE0A-4060-AE20-DE19AB3AAA36}.Debug|x64.Build.0 = Debug|x64
		{7F64655C-CE0A-4060-AE20-DE19AB3AAA36}.Debug|x64.Deploy.0 = Debug|x64
		{7F64655C-CE0A-4060-AE20-DE19AB3AAA36}.Debug|x86.ActiveCfg = Debug|x86
		{7F64655C-CE0A-4060-AE20-DE19AB3AAA36}.Debug|x86.Build.0 = Debug|x86
		{7F64655C-CE0A-4060-AE20-DE19AB3AAA36}.Debug|x86.Deploy.0 = Debug|x86
		{7F64655C-CE0A-4060-AE20-DE19AB3AAA36}.Release|Any CPU.ActiveCfg = Release|x86
		{7F64655C-CE0A-4060-AE20-DE19AB3AAA36}.Release|ARM.ActiveCfg = Release|ARM
		{7F64655C-CE0A-4060-AE20-DE19AB3AAA36}.Release|ARM.Build.0 = Release|ARM
		{7F64655C-CE0A-4060-AE20-DE19AB3AAA36}.Release|ARM.Deploy.0 = Release|ARM
		{7F64655C-CE0A-4060-AE20-DE19AB3AAA36}.Release|iPhone.ActiveCfg = Release|x86
		{7F64655C-CE0A-4060-AE20-DE19AB3AAA36}.Release|iPhoneSimulator.ActiveCfg = Release|x86
		{7F64655C-CE0A-4060-AE20-DE19AB3AAA36}.Release|x64.ActiveCfg = Release|x64
		{7F64655C-CE0A-4060-AE20-DE19AB3AAA36}.Release|x64.Build.0 = Release|x64
		{7F64655C-CE0A-4060-AE20-DE19AB3AAA36}.Release|x64.Deploy.0 = Release|x64
		{7F64655C-CE0A-4060-AE20-DE19AB3AAA36}.Release|x86.ActiveCfg = Release|x86
		{7F64655C-CE0A-4060-AE20-DE19AB3AAA36}.Release|x86.Build.0 = Release|x86
		{7F64655C-CE0A-4060-AE20-DE19AB3AAA36}.Release|x86.Deploy.0 = Release|x86
	EndGlobalSection
	GlobalSection(SolutionProperties) = preSolution
		HideSolutionNode = FALSE
	EndGlobalSection
	GlobalSection(ExtensibilityGlobals) = postSolution
		SolutionGuid = {91BA5B15-83E3-436D-B32F-706267640902}
	EndGlobalSection
EndGlobal
